
Microsoft Visual Studio Solution File, Format Version 12.00
# Visual Studio Version 17
VisualStudioVersion = 17.9.34728.123
MinimumVisualStudioVersion = 10.0.40219.1
Project("{F184B08F-C81C-45F6-A57F-5ABD9991F28F}") = "PSMS", "PSMS\PSMS.vbproj", "{DCF5E073-EAE9-4AA5-9092-D3806C061938}"
EndProject
Global
	GlobalSection(SolutionConfigurationPlatforms) = preSolution
		Debug|Any CPU = Debug|Any CPU
		Release|Any CPU = Release|Any CPU
	EndGlobalSection
	GlobalSection(ProjectConfigurationPlatforms) = postSolution
		{DCF5E073-EAE9-4AA5-9092-D3806C061938}.Debug|Any CPU.ActiveCfg = Debug|Any CPU
		{DCF5E073-EAE9-4AA5-9092-D3806C061938}.Debug|Any CPU.Build.0 = Debug|Any CPU
		{DCF5E073-EAE9-4AA5-9092-D3806C061938}.Release|Any CPU.ActiveCfg = Release|Any CPU
		{DCF5E073-EAE9-4AA5-9092-D3806C061938}.Release|Any CPU.Build.0 = Release|Any CPU
	EndGlobalSection
	GlobalSection(SolutionProperties) = preSolution
		HideSolutionNode = FALSE
	EndGlobalSection
	GlobalSection(ExtensibilityGlobals) = postSolution
		SolutionGuid = {08855C1E-3D23-4786-A914-8DC2F500C27B}
	EndGlobalSection
EndGlobal
